
Microsoft Visual Studio Solution File, Format Version 12.00
# Visual Studio Version 16
VisualStudioVersion = 16.0.29728.190
MinimumVisualStudioVersion = 10.0.40219.1
Project("{8BC9CEB8-8B4A-11D0-8D11-00A0C91BC942}") = "Students_marks_by_weeks", "Students_marks_by_weeks.vcxproj", "{16CB372D-2AB3-4DEA-9B99-AD319053F6A9}"
EndProject
Global
	GlobalSection(SolutionConfigurationPlatforms) = preSolution
		Debug|x64 = Debug|x64
		Debug|x86 = Debug|x86
		Release|x64 = Release|x64
		Release|x86 = Release|x86
	EndGlobalSection
	GlobalSection(ProjectConfigurationPlatforms) = postSolution
		{16CB372D-2AB3-4DEA-9B99-AD319053F6A9}.Debug|x64.ActiveCfg = Debug|x64
		{16CB372D-2AB3-4DEA-9B99-AD319053F6A9}.Debug|x64.Build.0 = Debug|x64
		{16CB372D-2AB3-4DEA-9B99-AD319053F6A9}.Debug|x86.ActiveCfg = Debug|Win32
		{16CB372D-2AB3-4DEA-9B99-AD319053F6A9}.Debug|x86.Build.0 = Debug|Win32
		{16CB372D-2AB3-4DEA-9B99-AD319053F6A9}.Release|x64.ActiveCfg = Release|x64
		{16CB372D-2AB3-4DEA-9B99-AD319053F6A9}.Release|x64.Build.0 = Release|x64
		{16CB372D-2AB3-4DEA-9B99-AD319053F6A9}.Release|x86.ActiveCfg = Release|Win32
		{16CB372D-2AB3-4DEA-9B99-AD319053F6A9}.Release|x86.Build.0 = Release|Win32
	EndGlobalSection
	GlobalSection(SolutionProperties) = preSolution
		HideSolutionNode = FALSE
	EndGlobalSection
	GlobalSection(ExtensibilityGlobals) = postSolution
		SolutionGuid = {5610BE55-0FCC-4C63-9248-1B597D90C98F}
	EndGlobalSection
EndGlobal
